<?xml version="1.0" encoding="utf-8"?>
<Project ToolsVersion="4.0" xmlns="http://schemas.microsoft.com/developer/msbuild/2003">
  <ItemGroup>
    <Filter Include="Source Files">
      <UniqueIdentifier>{4FC737F1-C7A5-4376-A066-2A32D752A2FF}</UniqueIdentifier>
      <Extensions>cpp;c;cc;cxx;def;odl;idl;hpj;bat;asm;asmx</Extensions>
    </Filter>
    <Filter Include="XML">
      <UniqueIdentifier>{9dd721e9-6184-407e-8a33-f1766eaa9da1}</UniqueIdentifier>
    </Filter>
    <Filter Include="XML\RapidXML">
      <UniqueIdentifier>{93995380-89BD-4b04-88EB-625FBE52EBFB}</UniqueIdentifier>
      <Extensions>h;hpp;hxx;hm;inl;inc;xsd</Extensions>
    </Filter>
  </ItemGroup>
  <ItemGroup>
    <Text Include="ReadMe.txt" />
  </ItemGroup>
  <ItemGroup>
    <ClInclude Include="..\rapidxml\rapidxml.hpp">
      <Filter>XML\RapidXML</Filter>
    </ClInclude>
    <ClInclude Include="..\rapidxml\rapidxml_iterators.hpp">
      <Filter>XML\RapidXML</Filter>
    </ClInclude>
    <ClInclude Include="..\rapidxml\rapidxml_print.hpp">
      <Filter>XML\RapidXML</Filter>
    </ClInclude>
    <ClInclude Include="..\rapidxml\rapidxml_utils.hpp">
      <Filter>XML\RapidXML</Filter>
    </ClInclude>
    <ClInclude Include="xml\structure.h">
      <Filter>XML</Filter>
    </ClInclude>
    <ClInclude Include="FileSystem.h">
      <Filter>Source Files</Filter>
    </ClInclude>
    <ClInclude Include="types.h">
      <Filter>Source Files</Filter>
    </ClInclude>
    <ClInclude Include="ClassManager.h">
      <Filter>Source Files</Filter>
    </ClInclude>
    <ClInclude Include="JsonWriter.h">
      <Filter>Source Files</Filter>
    </ClInclude>
  </ItemGroup>
  <ItemGroup>
    <ClCompile Include="doxygenParser.cpp">
      <Filter>Source Files</Filter>
    </ClCompile>
    <ClCompile Include="FileSystem.cpp">
      <Filter>Source Files</Filter>
    </ClCompile>
    <ClCompile Include="ClassManager.cpp">
      <Filter>Source Files</Filter>
    </ClCompile>
    <ClCompile Include="JsonWriter.cpp">
      <Filter>Source Files</Filter>
    </ClCompile>
  </ItemGroup>
</Project>